
Microsoft Visual Studio Solution File, Format Version 12.00
# Visual Studio Version 17
VisualStudioVersion = 17.9.34607.119
MinimumVisualStudioVersion = 10.0.40219.1
Project("{9A19103F-16F7-4668-BE54-9A1E7A4F7556}") = "BulkyWeb", "BulkyWeb\BulkyWeb.csproj", "{623E2AE9-B262-4304-AC2C-BBFDC4A862CD}"
EndProject
Project("{9A19103F-16F7-4668-BE54-9A1E7A4F7556}") = "BulkyWebRazor_Temp", "BulkyWebRazor_Temp\BulkyWebRazor_Temp.csproj", "{26BCED9B-68B9-4E39-BCBE-C9ED6DFAD21E}"
EndProject
Project("{FAE04EC0-301F-11D3-BF4B-00C04F79EFBC}") = "Bulky.DataAccess", "Bulky.DataAccess\Bulky.DataAccess.csproj", "{FC2407CE-42FE-4B66-AD21-369A9A7E9A2C}"
EndProject
Project("{FAE04EC0-301F-11D3-BF4B-00C04F79EFBC}") = "Bulky.Models", "Bulky.Models\Bulky.Models.csproj", "{B1A480F9-43ED-4D02-A8C2-EBE1C9B4FE28}"
EndProject
Project("{FAE04EC0-301F-11D3-BF4B-00C04F79EFBC}") = "Bulky.Utility", "Bulky.Utility\Bulky.Utility.csproj", "{C0E9587D-ABD1-4290-A897-A4059879E99B}"
EndProject
Global
	GlobalSection(SolutionConfigurationPlatforms) = preSolution
		Debug|Any CPU = Debug|Any CPU
		Release|Any CPU = Release|Any CPU
	EndGlobalSection
	GlobalSection(ProjectConfigurationPlatforms) = postSolution
		{623E2AE9-B262-4304-AC2C-BBFDC4A862CD}.Debug|Any CPU.ActiveCfg = Debug|Any CPU
		{623E2AE9-B262-4304-AC2C-BBFDC4A862CD}.Debug|Any CPU.Build.0 = Debug|Any CPU
		{623E2AE9-B262-4304-AC2C-BBFDC4A862CD}.Release|Any CPU.ActiveCfg = Release|Any CPU
		{623E2AE9-B262-4304-AC2C-BBFDC4A862CD}.Release|Any CPU.Build.0 = Release|Any CPU
		{26BCED9B-68B9-4E39-BCBE-C9ED6DFAD21E}.Debug|Any CPU.ActiveCfg = Debug|Any CPU
		{26BCED9B-68B9-4E39-BCBE-C9ED6DFAD21E}.Debug|Any CPU.Build.0 = Debug|Any CPU
		{26BCED9B-68B9-4E39-BCBE-C9ED6DFAD21E}.Release|Any CPU.ActiveCfg = Release|Any CPU
		{26BCED9B-68B9-4E39-BCBE-C9ED6DFAD21E}.Release|Any CPU.Build.0 = Release|Any CPU
		{FC2407CE-42FE-4B66-AD21-369A9A7E9A2C}.Debug|Any CPU.ActiveCfg = Debug|Any CPU
		{FC2407CE-42FE-4B66-AD21-369A9A7E9A2C}.Debug|Any CPU.Build.0 = Debug|Any CPU
		{FC2407CE-42FE-4B66-AD21-369A9A7E9A2C}.Release|Any CPU.ActiveCfg = Release|Any CPU
		{FC2407CE-42FE-4B66-AD21-369A9A7E9A2C}.Release|Any CPU.Build.0 = Release|Any CPU
		{B1A480F9-43ED-4D02-A8C2-EBE1C9B4FE28}.Debug|Any CPU.ActiveCfg = Debug|Any CPU
		{B1A480F9-43ED-4D02-A8C2-EBE1C9B4FE28}.Debug|Any CPU.Build.0 = Debug|Any CPU
		{B1A480F9-43ED-4D02-A8C2-EBE1C9B4FE28}.Release|Any CPU.ActiveCfg = Release|Any CPU
		{B1A480F9-43ED-4D02-A8C2-EBE1C9B4FE28}.Release|Any CPU.Build.0 = Release|Any CPU
		{C0E9587D-ABD1-4290-A897-A4059879E99B}.Debug|Any CPU.ActiveCfg = Debug|Any CPU
		{C0E9587D-ABD1-4290-A897-A4059879E99B}.Debug|Any CPU.Build.0 = Debug|Any CPU
		{C0E9587D-ABD1-4290-A897-A4059879E99B}.Release|Any CPU.ActiveCfg = Release|Any CPU
		{C0E9587D-ABD1-4290-A897-A4059879E99B}.Release|Any CPU.Build.0 = Release|Any CPU
	EndGlobalSection
	GlobalSection(SolutionProperties) = preSolution
		HideSolutionNode = FALSE
	EndGlobalSection
	GlobalSection(ExtensibilityGlobals) = postSolution
		SolutionGuid = {AEB24C28-7903-4164-A9D5-A51506AE0722}
	EndGlobalSection
EndGlobal
